
Microsoft Visual Studio Solution File, Format Version 12.00
# Visual Studio 15
VisualStudioVersion = 15.0.28010.2050
MinimumVisualStudioVersion = 10.0.40219.1
Project("{FAE04EC0-301F-11D3-BF4B-00C04F79EFBC}") = "StringReverser", "StringReverser\StringReverser.csproj", "{608AACDD-8922-45E7-BA20-E0F65CD79621}"
EndProject
Global
	GlobalSection(SolutionConfigurationPlatforms) = preSolution
		Debug|Any CPU = Debug|Any CPU
		Release|Any CPU = Release|Any CPU
	EndGlobalSection
	GlobalSection(ProjectConfigurationPlatforms) = postSolution
		{608AACDD-8922-45E7-BA20-E0F65CD79621}.Debug|Any CPU.ActiveCfg = Debug|Any CPU
		{608AACDD-8922-45E7-BA20-E0F65CD79621}.Debug|Any CPU.Build.0 = Debug|Any CPU
		{608AACDD-8922-45E7-BA20-E0F65CD79621}.Release|Any CPU.ActiveCfg = Release|Any CPU
		{608AACDD-8922-45E7-BA20-E0F65CD79621}.Release|Any CPU.Build.0 = Release|Any CPU
	EndGlobalSection
	GlobalSection(SolutionProperties) = preSolution
		HideSolutionNode = FALSE
	EndGlobalSection
	GlobalSection(ExtensibilityGlobals) = postSolution
		SolutionGuid = {602B59FA-7EC5-4E11-A378-A10AD6453B74}
	EndGlobalSection
EndGlobal
